// !$*UTF8*$!
{
	archiveVersion = 1;
	classes = {
	};
	objectVersion = 55;
	objects = {

/* Begin PBXBuildFile section */
		E457698D28D7114F0075915C /* MailApiKey.swift in Sources */ = {isa = PBXBuildFile; fileRef = E457698C28D7114F0075915C /* MailApiKey.swift */; };
		E457698F28D715010075915C /* NetworkRequest.swift in Sources */ = {isa = PBXBuildFile; fileRef = E457698E28D715010075915C /* NetworkRequest.swift */; };
		E4E3946028CE3F3E0038B8F2 /* AppDelegate.swift in Sources */ = {isa = PBXBuildFile; fileRef = E4E3945F28CE3F3E0038B8F2 /* AppDelegate.swift */; };
		E4E3946228CE3F3E0038B8F2 /* SceneDelegate.swift in Sources */ = {isa = PBXBuildFile; fileRef = E4E3946128CE3F3E0038B8F2 /* SceneDelegate.swift */; };
		E4E3946428CE3F3E0038B8F2 /* VerificationViewController.swift in Sources */ = {isa = PBXBuildFile; fileRef = E4E3946328CE3F3E0038B8F2 /* VerificationViewController.swift */; };
		E4E3946928CE3F3F0038B8F2 /* Assets.xcassets in Resources */ = {isa = PBXBuildFile; fileRef = E4E3946828CE3F3F0038B8F2 /* Assets.xcassets */; };
		E4E3946C28CE3F3F0038B8F2 /* LaunchScreen.storyboard in Resources */ = {isa = PBXBuildFile; fileRef = E4E3946A28CE3F3F0038B8F2 /* LaunchScreen.storyboard */; };
		E4E3947928CE41410038B8F2 /* StatusLabel.swift in Sources */ = {isa = PBXBuildFile; fileRef = E4E3947828CE41410038B8F2 /* StatusLabel.swift */; };
		E4E799C328CF79CE00D9B341 /* UIStackView + Extensions.swift in Sources */ = {isa = PBXBuildFile; fileRef = E4E799C228CF79CE00D9B341 /* UIStackView + Extensions.swift */; };
		E4E799C528CF7A9B00D9B341 /* MailTextField.swift in Sources */ = {isa = PBXBuildFile; fileRef = E4E799C428CF7A9B00D9B341 /* MailTextField.swift */; };
		E4E799C728CF7C3400D9B341 /* VerificationButton.swift in Sources */ = {isa = PBXBuildFile; fileRef = E4E799C628CF7C3400D9B341 /* VerificationButton.swift */; };
		E4E799C928CF7D5100D9B341 /* MailsCollectionView.swift in Sources */ = {isa = PBXBuildFile; fileRef = E4E799C828CF7D5100D9B341 /* MailsCollectionView.swift */; };
		E4E799CB28CF7E3B00D9B341 /* MailsCollectionViewCell.swift in Sources */ = {isa = PBXBuildFile; fileRef = E4E799CA28CF7E3B00D9B341 /* MailsCollectionViewCell.swift */; };
		E4E9C1D328D60BB50010AD32 /* VerificationModel.swift in Sources */ = {isa = PBXBuildFile; fileRef = E4E9C1D228D60BB50010AD32 /* VerificationModel.swift */; };
		E4E9C1D528D611DB0010AD32 /* String + Extensions.swift in Sources */ = {isa = PBXBuildFile; fileRef = E4E9C1D428D611DB0010AD32 /* String + Extensions.swift */; };
/* End PBXBuildFile section */

/* Begin PBXFileReference section */
		E457698C28D7114F0075915C /* MailApiKey.swift */ = {isa = PBXFileReference; lastKnownFileType = sourcecode.swift; path = MailApiKey.swift; sourceTree = "<group>"; };
		E457698E28D715010075915C /* NetworkRequest.swift */ = {isa = PBXFileReference; lastKnownFileType = sourcecode.swift; path = NetworkRequest.swift; sourceTree = "<group>"; };
		E4E3945C28CE3F3E0038B8F2 /* MailTestTask.app */ = {isa = PBXFileReference; explicitFileType = wrapper.application; includeInIndex = 0; path = MailTestTask.app; sourceTree = BUILT_PRODUCTS_DIR; };
		E4E3945F28CE3F3E0038B8F2 /* AppDelegate.swift */ = {isa = PBXFileReference; lastKnownFileType = sourcecode.swift; path = AppDelegate.swift; sourceTree = "<group>"; };
		E4E3946128CE3F3E0038B8F2 /* SceneDelegate.swift */ = {isa = PBXFileReference; lastKnownFileType = sourcecode.swift; path = SceneDelegate.swift; sourceTree = "<group>"; };
		E4E3946328CE3F3E0038B8F2 /* VerificationViewController.swift */ = {isa = PBXFileReference; lastKnownFileType = sourcecode.swift; path = VerificationViewController.swift; sourceTree = "<group>"; };
		E4E3946828CE3F3F0038B8F2 /* Assets.xcassets */ = {isa = PBXFileReference; lastKnownFileType = folder.assetcatalog; path = Assets.xcassets; sourceTree = "<group>"; };
		E4E3946B28CE3F3F0038B8F2 /* Base */ = {isa = PBXFileReference; lastKnownFileType = file.storyboard; name = Base; path = Base.lproj/LaunchScreen.storyboard; sourceTree = "<group>"; };
		E4E3946D28CE3F3F0038B8F2 /* Info.plist */ = {isa = PBXFileReference; lastKnownFileType = text.plist.xml; path = Info.plist; sourceTree = "<group>"; };
		E4E3947828CE41410038B8F2 /* StatusLabel.swift */ = {isa = PBXFileReference; lastKnownFileType = sourcecode.swift; path = StatusLabel.swift; sourceTree = "<group>"; };
		E4E799C228CF79CE00D9B341 /* UIStackView + Extensions.swift */ = {isa = PBXFileReference; lastKnownFileType = sourcecode.swift; path = "UIStackView + Extensions.swift"; sourceTree = "<group>"; };
		E4E799C428CF7A9B00D9B341 /* MailTextField.swift */ = {isa = PBXFileReference; lastKnownFileType = sourcecode.swift; path = MailTextField.swift; sourceTree = "<group>"; };
		E4E799C628CF7C3400D9B341 /* VerificationButton.swift */ = {isa = PBXFileReference; lastKnownFileType = sourcecode.swift; path = VerificationButton.swift; sourceTree = "<group>"; };
		E4E799C828CF7D5100D9B341 /* MailsCollectionView.swift */ = {isa = PBXFileReference; lastKnownFileType = sourcecode.swift; path = MailsCollectionView.swift; sourceTree = "<group>"; };
		E4E799CA28CF7E3B00D9B341 /* MailsCollectionViewCell.swift */ = {isa = PBXFileReference; lastKnownFileType = sourcecode.swift; path = MailsCollectionViewCell.swift; sourceTree = "<group>"; };
		E4E9C1D228D60BB50010AD32 /* VerificationModel.swift */ = {isa = PBXFileReference; lastKnownFileType = sourcecode.swift; path = VerificationModel.swift; sourceTree = "<group>"; };
		E4E9C1D428D611DB0010AD32 /* String + Extensions.swift */ = {isa = PBXFileReference; lastKnownFileType = sourcecode.swift; path = "String + Extensions.swift"; sourceTree = "<group>"; };
/* End PBXFileReference section */

/* Begin PBXFrameworksBuildPhase section */
		E4E3945928CE3F3E0038B8F2 /* Frameworks */ = {
			isa = PBXFrameworksBuildPhase;
			buildActionMask = 2147483647;
			files = (
			);
			runOnlyForDeploymentPostprocessing = 0;
		};
/* End PBXFrameworksBuildPhase section */

/* Begin PBXGroup section */
		E457698B28D7112B0075915C /* Network */ = {
			isa = PBXGroup;
			children = (
				E457698C28D7114F0075915C /* MailApiKey.swift */,
				E457698E28D715010075915C /* NetworkRequest.swift */,
			);
			path = Network;
			sourceTree = "<group>";
		};
		E4E3945328CE3F3E0038B8F2 = {
			isa = PBXGroup;
			children = (
				E4E3945E28CE3F3E0038B8F2 /* MailTestTask */,
				E4E3945D28CE3F3E0038B8F2 /* Products */,
			);
			sourceTree = "<group>";
		};
		E4E3945D28CE3F3E0038B8F2 /* Products */ = {
			isa = PBXGroup;
			children = (
				E4E3945C28CE3F3E0038B8F2 /* MailTestTask.app */,
			);
			name = Products;
			sourceTree = "<group>";
		};
		E4E3945E28CE3F3E0038B8F2 /* MailTestTask */ = {
			isa = PBXGroup;
			children = (
				E4E3947328CE3FBC0038B8F2 /* Application */,
				E4E3947428CE3FD30038B8F2 /* Models */,
				E4E3947528CE3FD90038B8F2 /* Views */,
				E4E3947628CE3FDE0038B8F2 /* Controllers */,
				E457698B28D7112B0075915C /* Network */,
				E4E799C028CF79A400D9B341 /* Extensions */,
				E4E3947728CE3FE50038B8F2 /* Resources */,
			);
			path = MailTestTask;
			sourceTree = "<group>";
		};
		E4E3947328CE3FBC0038B8F2 /* Application */ = {
			isa = PBXGroup;
			children = (
				E4E3945F28CE3F3E0038B8F2 /* AppDelegate.swift */,
				E4E3946128CE3F3E0038B8F2 /* SceneDelegate.swift */,
			);
			path = Application;
			sourceTree = "<group>";
		};
		E4E3947428CE3FD30038B8F2 /* Models */ = {
			isa = PBXGroup;
			children = (
				E4E9C1D228D60BB50010AD32 /* VerificationModel.swift */,
			);
			path = Models;
			sourceTree = "<group>";
		};
		E4E3947528CE3FD90038B8F2 /* Views */ = {
			isa = PBXGroup;
			children = (
				E4E799CC28CF7F7F00D9B341 /* Cells */,
				E4E799CE28CF7FE000D9B341 /* VerificationVC */,
			);
			path = Views;
			sourceTree = "<group>";
		};
		E4E3947628CE3FDE0038B8F2 /* Controllers */ = {
			isa = PBXGroup;
			children = (
				E4E3946328CE3F3E0038B8F2 /* VerificationViewController.swift */,
			);
			path = Controllers;
			sourceTree = "<group>";
		};
		E4E3947728CE3FE50038B8F2 /* Resources */ = {
			isa = PBXGroup;
			children = (
				E4E3946828CE3F3F0038B8F2 /* Assets.xcassets */,
				E4E3946A28CE3F3F0038B8F2 /* LaunchScreen.storyboard */,
				E4E3946D28CE3F3F0038B8F2 /* Info.plist */,
			);
			path = Resources;
			sourceTree = "<group>";
		};
		E4E799C028CF79A400D9B341 /* Extensions */ = {
			isa = PBXGroup;
			children = (
				E4E799C128CF79BC00D9B341 /* UIKit */,
				E4E9C1D428D611DB0010AD32 /* String + Extensions.swift */,
			);
			path = Extensions;
			sourceTree = "<group>";
		};
		E4E799C128CF79BC00D9B341 /* UIKit */ = {
			isa = PBXGroup;
			children = (
				E4E799C228CF79CE00D9B341 /* UIStackView + Extensions.swift */,
			);
			path = UIKit;
			sourceTree = "<group>";
		};
		E4E799CC28CF7F7F00D9B341 /* Cells */ = {
			isa = PBXGroup;
			children = (
				E4E799CA28CF7E3B00D9B341 /* MailsCollectionViewCell.swift */,
			);
			path = Cells;
			sourceTree = "<group>";
		};
		E4E799CE28CF7FE000D9B341 /* VerificationVC */ = {
			isa = PBXGroup;
			children = (
				E4E3947828CE41410038B8F2 /* StatusLabel.swift */,
				E4E799C428CF7A9B00D9B341 /* MailTextField.swift */,
				E4E799C628CF7C3400D9B341 /* VerificationButton.swift */,
				E4E799C828CF7D5100D9B341 /* MailsCollectionView.swift */,
			);
			path = VerificationVC;
			sourceTree = "<group>";
		};
/* End PBXGroup section */

/* Begin PBXNativeTarget section */
		E4E3945B28CE3F3E0038B8F2 /* MailTestTask */ = {
			isa = PBXNativeTarget;
			buildConfigurationList = E4E3947028CE3F3F0038B8F2 /* Build configuration list for PBXNativeTarget "MailTestTask" */;
			buildPhases = (
				E4E3945828CE3F3E0038B8F2 /* Sources */,
				E4E3945928CE3F3E0038B8F2 /* Frameworks */,
				E4E3945A28CE3F3E0038B8F2 /* Resources */,
			);
			buildRules = (
			);
			dependencies = (
			);
			name = MailTestTask;
			productName = MailTestTask;
			productReference = E4E3945C28CE3F3E0038B8F2 /* MailTestTask.app */;
			productType = "com.apple.product-type.application";
		};
/* End PBXNativeTarget section */

/* Begin PBXProject section */
		E4E3945428CE3F3E0038B8F2 /* Project object */ = {
			isa = PBXProject;
			attributes = {
				BuildIndependentTargetsInParallel = 1;
				LastSwiftUpdateCheck = 1340;
				LastUpgradeCheck = 1340;
				TargetAttributes = {
					E4E3945B28CE3F3E0038B8F2 = {
						CreatedOnToolsVersion = 13.4.1;
					};
				};
			};
			buildConfigurationList = E4E3945728CE3F3E0038B8F2 /* Build configuration list for PBXProject "MailTestTask" */;
			compatibilityVersion = "Xcode 13.0";
			developmentRegion = en;
			hasScannedForEncodings = 0;
			knownRegions = (
				en,
				Base,
			);
			mainGroup = E4E3945328CE3F3E0038B8F2;
			productRefGroup = E4E3945D28CE3F3E0038B8F2 /* Products */;
			projectDirPath = "";
			projectRoot = "";
			targets = (
				E4E3945B28CE3F3E0038B8F2 /* MailTestTask */,
			);
		};
/* End PBXProject section */

/* Begin PBXResourcesBuildPhase section */
		E4E3945A28CE3F3E0038B8F2 /* Resources */ = {
			isa = PBXResourcesBuildPhase;
			buildActionMask = 2147483647;
			files = (
				E4E3946C28CE3F3F0038B8F2 /* LaunchScreen.storyboard in Resources */,
				E4E3946928CE3F3F0038B8F2 /* Assets.xcassets in Resources */,
			);
			runOnlyForDeploymentPostprocessing = 0;
		};
/* End PBXResourcesBuildPhase section */

/* Begin PBXSourcesBuildPhase section */
		E4E3945828CE3F3E0038B8F2 /* Sources */ = {
			isa = PBXSourcesBuildPhase;
			buildActionMask = 2147483647;
			files = (
				E457698F28D715010075915C /* NetworkRequest.swift in Sources */,
				E4E9C1D328D60BB50010AD32 /* VerificationModel.swift in Sources */,
				E4E3947928CE41410038B8F2 /* StatusLabel.swift in Sources */,
				E4E799C928CF7D5100D9B341 /* MailsCollectionView.swift in Sources */,
				E4E799CB28CF7E3B00D9B341 /* MailsCollectionViewCell.swift in Sources */,
				E4E799C728CF7C3400D9B341 /* VerificationButton.swift in Sources */,
				E457698D28D7114F0075915C /* MailApiKey.swift in Sources */,
				E4E9C1D528D611DB0010AD32 /* String + Extensions.swift in Sources */,
				E4E3946428CE3F3E0038B8F2 /* VerificationViewController.swift in Sources */,
				E4E799C528CF7A9B00D9B341 /* MailTextField.swift in Sources */,
				E4E3946028CE3F3E0038B8F2 /* AppDelegate.swift in Sources */,
				E4E799C328CF79CE00D9B341 /* UIStackView + Extensions.swift in Sources */,
				E4E3946228CE3F3E0038B8F2 /* SceneDelegate.swift in Sources */,
			);
			runOnlyForDeploymentPostprocessing = 0;
		};
/* End PBXSourcesBuildPhase section */

/* Begin PBXVariantGroup section */
		E4E3946A28CE3F3F0038B8F2 /* LaunchScreen.storyboard */ = {
			isa = PBXVariantGroup;
			children = (
				E4E3946B28CE3F3F0038B8F2 /* Base */,
			);
			name = LaunchScreen.storyboard;
			sourceTree = "<group>";
		};
/* End PBXVariantGroup section */

/* Begin XCBuildConfiguration section */
		E4E3946E28CE3F3F0038B8F2 /* Debug */ = {
			isa = XCBuildConfiguration;
			buildSettings = {
				ALWAYS_SEARCH_USER_PATHS = NO;
				CLANG_ANALYZER_NONNULL = YES;
				CLANG_ANALYZER_NUMBER_OBJECT_CONVERSION = YES_AGGRESSIVE;
				CLANG_CXX_LANGUAGE_STANDARD = "gnu++17";
				CLANG_ENABLE_MODULES = YES;
				CLANG_ENABLE_OBJC_ARC = YES;
				CLANG_ENABLE_OBJC_WEAK = YES;
				CLANG_WARN_BLOCK_CAPTURE_AUTORELEASING = YES;
				CLANG_WARN_BOOL_CONVERSION = YES;
				CLANG_WARN_COMMA = YES;
				CLANG_WARN_CONSTANT_CONVERSION = YES;
				CLANG_WARN_DEPRECATED_OBJC_IMPLEMENTATIONS = YES;
				CLANG_WARN_DIRECT_OBJC_ISA_USAGE = YES_ERROR;
				CLANG_WARN_DOCUMENTATION_COMMENTS = YES;
				CLANG_WARN_EMPTY_BODY = YES;
				CLANG_WARN_ENUM_CONVERSION = YES;
				CLANG_WARN_INFINITE_RECURSION = YES;
				CLANG_WARN_INT_CONVERSION = YES;
				CLANG_WARN_NON_LITERAL_NULL_CONVERSION = YES;
				CLANG_WARN_OBJC_IMPLICIT_RETAIN_SELF = YES;
				CLANG_WARN_OBJC_LITERAL_CONVERSION = YES;
				CLANG_WARN_OBJC_ROOT_CLASS = YES_ERROR;
				CLANG_WARN_QUOTED_INCLUDE_IN_FRAMEWORK_HEADER = YES;
				CLANG_WARN_RANGE_LOOP_ANALYSIS = YES;
				CLANG_WARN_STRICT_PROTOTYPES = YES;
				CLANG_WARN_SUSPICIOUS_MOVE = YES;
				CLANG_WARN_UNGUARDED_AVAILABILITY = YES_AGGRESSIVE;
				CLANG_WARN_UNREACHABLE_CODE = YES;
				CLANG_WARN__DUPLICATE_METHOD_MATCH = YES;
				COPY_PHASE_STRIP = NO;
				DEBUG_INFORMATION_FORMAT = dwarf;
				ENABLE_STRICT_OBJC_MSGSEND = YES;
				ENABLE_TESTABILITY = YES;
				GCC_C_LANGUAGE_STANDARD = gnu11;
				GCC_DYNAMIC_NO_PIC = NO;
				GCC_NO_COMMON_BLOCKS = YES;
				GCC_OPTIMIZATION_LEVEL = 0;
				GCC_PREPROCESSOR_DEFINITIONS = (
					"DEBUG=1",
					"$(inherited)",
				);
				GCC_WARN_64_TO_32_BIT_CONVERSION = YES;
				GCC_WARN_ABOUT_RETURN_TYPE = YES_ERROR;
				GCC_WARN_UNDECLARED_SELECTOR = YES;
				GCC_WARN_UNINITIALIZED_AUTOS = YES_AGGRESSIVE;
				GCC_WARN_UNUSED_FUNCTION = YES;
				GCC_WARN_UNUSED_VARIABLE = YES;
				IPHONEOS_DEPLOYMENT_TARGET = 15.5;
				MTL_ENABLE_DEBUG_INFO = INCLUDE_SOURCE;
				MTL_FAST_MATH = YES;
				ONLY_ACTIVE_ARCH = YES;
				SDKROOT = iphoneos;
				SWIFT_ACTIVE_COMPILATION_CONDITIONS = DEBUG;
				SWIFT_OPTIMIZATION_LEVEL = "-Onone";
			};
			name = Debug;
		};
		E4E3946F28CE3F3F0038B8F2 /* Release */ = {
			isa = XCBuildConfiguration;
			buildSettings = {
				ALWAYS_SEARCH_USER_PATHS = NO;
				CLANG_ANALYZER_NONNULL = YES;
				CLANG_ANALYZER_NUMBER_OBJECT_CONVERSION = YES_AGGRESSIVE;
				CLANG_CXX_LANGUAGE_STANDARD = "gnu++17";
				CLANG_ENABLE_MODULES = YES;
				CLANG_ENABLE_OBJC_ARC = YES;
				CLANG_ENABLE_OBJC_WEAK = YES;
				CLANG_WARN_BLOCK_CAPTURE_AUTORELEASING = YES;
				CLANG_WARN_BOOL_CONVERSION = YES;
				CLANG_WARN_COMMA = YES;
				CLANG_WARN_CONSTANT_CONVERSION = YES;
				CLANG_WARN_DEPRECATED_OBJC_IMPLEMENTATIONS = YES;
				CLANG_WARN_DIRECT_OBJC_ISA_USAGE = YES_ERROR;
				CLANG_WARN_DOCUMENTATION_COMMENTS = YES;
				CLANG_WARN_EMPTY_BODY = YES;
				CLANG_WARN_ENUM_CONVERSION = YES;
				CLANG_WARN_INFINITE_RECURSION = YES;
				CLANG_WARN_INT_CONVERSION = YES;
				CLANG_WARN_NON_LITERAL_NULL_CONVERSION = YES;
				CLANG_WARN_OBJC_IMPLICIT_RETAIN_SELF = YES;
				CLANG_WARN_OBJC_LITERAL_CONVERSION = YES;
				CLANG_WARN_OBJC_ROOT_CLASS = YES_ERROR;
				CLANG_WARN_QUOTED_INCLUDE_IN_FRAMEWORK_HEADER = YES;
				CLANG_WARN_RANGE_LOOP_ANALYSIS = YES;
				CLANG_WARN_STRICT_PROTOTYPES = YES;
				CLANG_WARN_SUSPICIOUS_MOVE = YES;
				CLANG_WARN_UNGUARDED_AVAILABILITY = YES_AGGRESSIVE;
				CLANG_WARN_UNREACHABLE_CODE = YES;
				CLANG_WARN__DUPLICATE_METHOD_MATCH = YES;
				COPY_PHASE_STRIP = NO;
				DEBUG_INFORMATION_FORMAT = "dwarf-with-dsym";
				ENABLE_NS_ASSERTIONS = NO;
				ENABLE_STRICT_OBJC_MSGSEND = YES;
				GCC_C_LANGUAGE_STANDARD = gnu11;
				GCC_NO_COMMON_BLOCKS = YES;
				GCC_WARN_64_TO_32_BIT_CONVERSION = YES;
				GCC_WARN_ABOUT_RETURN_TYPE = YES_ERROR;
				GCC_WARN_UNDECLARED_SELECTOR = YES;
				GCC_WARN_UNINITIALIZED_AUTOS = YES_AGGRESSIVE;
				GCC_WARN_UNUSED_FUNCTION = YES;
				GCC_WARN_UNUSED_VARIABLE = YES;
				IPHONEOS_DEPLOYMENT_TARGET = 15.5;
				MTL_ENABLE_DEBUG_INFO = NO;
				MTL_FAST_MATH = YES;
				SDKROOT = iphoneos;
				SWIFT_COMPILATION_MODE = wholemodule;
				SWIFT_OPTIMIZATION_LEVEL = "-O";
				VALIDATE_PRODUCT = YES;
			};
			name = Release;
		};
		E4E3947128CE3F3F0038B8F2 /* Debug */ = {
			isa = XCBuildConfiguration;
			buildSettings = {
				ASSETCATALOG_COMPILER_APPICON_NAME = AppIcon;
				ASSETCATALOG_COMPILER_GLOBAL_ACCENT_COLOR_NAME = AccentColor;
				CODE_SIGN_STYLE = Automatic;
				CURRENT_PROJECT_VERSION = 1;
				DEVELOPMENT_TEAM = 782LZFBU26;
				GENERATE_INFOPLIST_FILE = YES;
				INFOPLIST_FILE = MailTestTask/Resources/Info.plist;
				INFOPLIST_KEY_UIApplicationSupportsIndirectInputEvents = YES;
				INFOPLIST_KEY_UILaunchStoryboardName = LaunchScreen;
				INFOPLIST_KEY_UISupportedInterfaceOrientations_iPad = "UIInterfaceOrientationPortrait UIInterfaceOrientationPortraitUpsideDown UIInterfaceOrientationLandscapeLeft UIInterfaceOrientationLandscapeRight";
				INFOPLIST_KEY_UISupportedInterfaceOrientations_iPhone = "UIInterfaceOrientationPortrait UIInterfaceOrientationLandscapeLeft UIInterfaceOrientationLandscapeRight";
				LD_RUNPATH_SEARCH_PATHS = (
					"$(inherited)",
					"@executable_path/Frameworks",
				);
				MARKETING_VERSION = 1.0;
				PRODUCT_BUNDLE_IDENTIFIER = by.scooterminsk.MailTestTask;
				PRODUCT_NAME = "$(TARGET_NAME)";
				SWIFT_EMIT_LOC_STRINGS = YES;
				SWIFT_VERSION = 5.0;
				TARGETED_DEVICE_FAMILY = "1,2";
			};
			name = Debug;
		};
		E4E3947228CE3F3F0038B8F2 /* Release */ = {
			isa = XCBuildConfiguration;
			buildSettings = {
				ASSETCATALOG_COMPILER_APPICON_NAME = AppIcon;
				ASSETCATALOG_COMPILER_GLOBAL_ACCENT_COLOR_NAME = AccentColor;
				CODE_SIGN_STYLE = Automatic;
				CURRENT_PROJECT_VERSION = 1;
				DEVELOPMENT_TEAM = 782LZFBU26;
				GENERATE_INFOPLIST_FILE = YES;
				INFOPLIST_FILE = MailTestTask/Resources/Info.plist;
				INFOPLIST_KEY_UIApplicationSupportsIndirectInputEvents = YES;
				INFOPLIST_KEY_UILaunchStoryboardName = LaunchScreen;
				INFOPLIST_KEY_UISupportedInterfaceOrientations_iPad = "UIInterfaceOrientationPortrait UIInterfaceOrientationPortraitUpsideDown UIInterfaceOrientationLandscapeLeft UIInterfaceOrientationLandscapeRight";
				INFOPLIST_KEY_UISupportedInterfaceOrientations_iPhone = "UIInterfaceOrientationPortrait UIInterfaceOrientationLandscapeLeft UIInterfaceOrientationLandscapeRight";
				LD_RUNPATH_SEARCH_PATHS = (
					"$(inherited)",
					"@executable_path/Frameworks",
				);
				MARKETING_VERSION = 1.0;
				PRODUCT_BUNDLE_IDENTIFIER = by.scooterminsk.MailTestTask;
				PRODUCT_NAME = "$(TARGET_NAME)";
				SWIFT_EMIT_LOC_STRINGS = YES;
				SWIFT_VERSION = 5.0;
				TARGETED_DEVICE_FAMILY = "1,2";
			};
			name = Release;
		};
/* End XCBuildConfiguration section */

/* Begin XCConfigurationList section */
		E4E3945728CE3F3E0038B8F2 /* Build configuration list for PBXProject "MailTestTask" */ = {
			isa = XCConfigurationList;
			buildConfigurations = (
				E4E3946E28CE3F3F0038B8F2 /* Debug */,
				E4E3946F28CE3F3F0038B8F2 /* Release */,
			);
			defaultConfigurationIsVisible = 0;
			defaultConfigurationName = Release;
		};
		E4E3947028CE3F3F0038B8F2 /* Build configuration list for PBXNativeTarget "MailTestTask" */ = {
			isa = XCConfigurationList;
			buildConfigurations = (
				E4E3947128CE3F3F0038B8F2 /* Debug */,
				E4E3947228CE3F3F0038B8F2 /* Release */,
			);
			defaultConfigurationIsVisible = 0;
			defaultConfigurationName = Release;
		};
/* End XCConfigurationList section */
	};
	rootObject = E4E3945428CE3F3E0038B8F2 /* Project object */;
}
